// !$*UTF8*$!
{
	archiveVersion = 1;
	classes = {
	};
	objectVersion = 50;
	objects = {

/* Begin PBXBuildFile section */
		391AC21F234EDD07008DC9FB /* CallKit.framework in Frameworks */ = {isa = PBXBuildFile; fileRef = 391AC21E234EDD06008DC9FB /* CallKit.framework */; };
		39321472234ECB39006A857C /* AppDelegate.m in Sources */ = {isa = PBXBuildFile; fileRef = 39321471234ECB39006A857C /* AppDelegate.m */; };
		39321475234ECB39006A857C /* SceneDelegate.m in Sources */ = {isa = PBXBuildFile; fileRef = 39321474234ECB39006A857C /* SceneDelegate.m */; };
		39321478234ECB39006A857C /* ViewController.m in Sources */ = {isa = PBXBuildFile; fileRef = 39321477234ECB39006A857C /* ViewController.m */; };
		3932147B234ECB39006A857C /* Main.storyboard in Resources */ = {isa = PBXBuildFile; fileRef = 39321479234ECB39006A857C /* Main.storyboard */; };
		3932147D234ECB3D006A857C /* Assets.xcassets in Resources */ = {isa = PBXBuildFile; fileRef = 3932147C234ECB3D006A857C /* Assets.xcassets */; };
		39321480234ECB3D006A857C /* LaunchScreen.storyboard in Resources */ = {isa = PBXBuildFile; fileRef = 3932147E234ECB3D006A857C /* LaunchScreen.storyboard */; };
		39321483234ECB3D006A857C /* main.m in Sources */ = {isa = PBXBuildFile; fileRef = 39321482234ECB3D006A857C /* main.m */; };
		3990110F23BA202200784CFE /* UserNotificationsUI.framework in Frameworks */ = {isa = PBXBuildFile; fileRef = 3990110D23BA202200784CFE /* UserNotificationsUI.framework */; };
		3990111023BA202200784CFE /* UserNotifications.framework in Frameworks */ = {isa = PBXBuildFile; fileRef = 3990110E23BA202200784CFE /* UserNotifications.framework */; };
		39B45EB0260220AC009B6E27 /* RCCallRequestJoinMessage.m in Sources */ = {isa = PBXBuildFile; fileRef = 39B45EAD260220AC009B6E27 /* RCCallRequestJoinMessage.m */; };
		39C0DBB526945F2100D3EFBC /* QuickStartBuild.sh in Resources */ = {isa = PBXBuildFile; fileRef = 39C0DBB426945F2100D3EFBC /* QuickStartBuild.sh */; };
		39E4C3E426E9C59A008B09B1 /* CallRecordViewController.m in Sources */ = {isa = PBXBuildFile; fileRef = 39E4C3E326E9C59A008B09B1 /* CallRecordViewController.m */; };
/* End PBXBuildFile section */

/* Begin PBXCopyFilesBuildPhase section */
		3990112D23BAF0A500784CFE /* Embed App Extensions */ = {
			isa = PBXCopyFilesBuildPhase;
			buildActionMask = 2147483647;
			dstPath = "";
			dstSubfolderSpec = 13;
			files = (
			);
			name = "Embed App Extensions";
			runOnlyForDeploymentPostprocessing = 0;
		};
/* End PBXCopyFilesBuildPhase section */

/* Begin PBXFileReference section */
		39043BDF23BA1C5E00E2DB6E /* RongCallKitQuickStart.entitlements */ = {isa = PBXFileReference; lastKnownFileType = text.plist.entitlements; path = RongCallKitQuickStart.entitlements; sourceTree = "<group>"; };
		391AC21E234EDD06008DC9FB /* CallKit.framework */ = {isa = PBXFileReference; lastKnownFileType = wrapper.framework; name = CallKit.framework; path = System/Library/Frameworks/CallKit.framework; sourceTree = SDKROOT; };
		3932146D234ECB39006A857C /* RongCallKitQuickStart.app */ = {isa = PBXFileReference; explicitFileType = wrapper.application; includeInIndex = 0; path = RongCallKitQuickStart.app; sourceTree = BUILT_PRODUCTS_DIR; };
		39321470234ECB39006A857C /* AppDelegate.h */ = {isa = PBXFileReference; lastKnownFileType = sourcecode.c.h; path = AppDelegate.h; sourceTree = "<group>"; };
		39321471234ECB39006A857C /* AppDelegate.m */ = {isa = PBXFileReference; lastKnownFileType = sourcecode.c.objc; path = AppDelegate.m; sourceTree = "<group>"; };
		39321473234ECB39006A857C /* SceneDelegate.h */ = {isa = PBXFileReference; lastKnownFileType = sourcecode.c.h; path = SceneDelegate.h; sourceTree = "<group>"; };
		39321474234ECB39006A857C /* SceneDelegate.m */ = {isa = PBXFileReference; lastKnownFileType = sourcecode.c.objc; path = SceneDelegate.m; sourceTree = "<group>"; };
		39321476234ECB39006A857C /* ViewController.h */ = {isa = PBXFileReference; lastKnownFileType = sourcecode.c.h; path = ViewController.h; sourceTree = "<group>"; };
		39321477234ECB39006A857C /* ViewController.m */ = {isa = PBXFileReference; lastKnownFileType = sourcecode.c.objc; path = ViewController.m; sourceTree = "<group>"; };
		3932147A234ECB39006A857C /* Base */ = {isa = PBXFileReference; lastKnownFileType = file.storyboard; name = Base; path = Base.lproj/Main.storyboard; sourceTree = "<group>"; };
		3932147C234ECB3D006A857C /* Assets.xcassets */ = {isa = PBXFileReference; lastKnownFileType = folder.assetcatalog; path = Assets.xcassets; sourceTree = "<group>"; };
		3932147F234ECB3D006A857C /* Base */ = {isa = PBXFileReference; lastKnownFileType = file.storyboard; name = Base; path = Base.lproj/LaunchScreen.storyboard; sourceTree = "<group>"; };
		39321481234ECB3D006A857C /* Info.plist */ = {isa = PBXFileReference; lastKnownFileType = text.plist.xml; path = Info.plist; sourceTree = "<group>"; };
		39321482234ECB3D006A857C /* main.m */ = {isa = PBXFileReference; lastKnownFileType = sourcecode.c.objc; path = main.m; sourceTree = "<group>"; };
		394EBBCB26E9F09E00B08CCE /* RCCallKitUtility.h */ = {isa = PBXFileReference; fileEncoding = 4; lastKnownFileType = sourcecode.c.h; path = RCCallKitUtility.h; sourceTree = "<group>"; };
		3990110D23BA202200784CFE /* UserNotificationsUI.framework */ = {isa = PBXFileReference; lastKnownFileType = wrapper.framework; name = UserNotificationsUI.framework; path = System/Library/Frameworks/UserNotificationsUI.framework; sourceTree = SDKROOT; };
		3990110E23BA202200784CFE /* UserNotifications.framework */ = {isa = PBXFileReference; lastKnownFileType = wrapper.framework; name = UserNotifications.framework; path = System/Library/Frameworks/UserNotifications.framework; sourceTree = SDKROOT; };
		3990112F23BB30FE00784CFE /* NetworkExtension.framework */ = {isa = PBXFileReference; lastKnownFileType = wrapper.framework; name = NetworkExtension.framework; path = System/Library/Frameworks/NetworkExtension.framework; sourceTree = SDKROOT; };
		3990113123BB441800784CFE /* AudioToolbox.framework */ = {isa = PBXFileReference; lastKnownFileType = wrapper.framework; name = AudioToolbox.framework; path = System/Library/Frameworks/AudioToolbox.framework; sourceTree = SDKROOT; };
		39B45EAD260220AC009B6E27 /* RCCallRequestJoinMessage.m */ = {isa = PBXFileReference; fileEncoding = 4; lastKnownFileType = sourcecode.c.objc; path = RCCallRequestJoinMessage.m; sourceTree = "<group>"; };
		39B45EAE260220AC009B6E27 /* RCCallRequestJoinMessage.h */ = {isa = PBXFileReference; fileEncoding = 4; lastKnownFileType = sourcecode.c.h; path = RCCallRequestJoinMessage.h; sourceTree = "<group>"; };
		39C0DBB426945F2100D3EFBC /* QuickStartBuild.sh */ = {isa = PBXFileReference; fileEncoding = 4; lastKnownFileType = text.script.sh; path = QuickStartBuild.sh; sourceTree = "<group>"; };
		39E4C3E226E9C59A008B09B1 /* CallRecordViewController.h */ = {isa = PBXFileReference; lastKnownFileType = sourcecode.c.h; path = CallRecordViewController.h; sourceTree = "<group>"; };
		39E4C3E326E9C59A008B09B1 /* CallRecordViewController.m */ = {isa = PBXFileReference; lastKnownFileType = sourcecode.c.objc; path = CallRecordViewController.m; sourceTree = "<group>"; };
/* End PBXFileReference section */

/* Begin PBXFrameworksBuildPhase section */
		3932146A234ECB39006A857C /* Frameworks */ = {
			isa = PBXFrameworksBuildPhase;
			buildActionMask = 2147483647;
			files = (
				3990110F23BA202200784CFE /* UserNotificationsUI.framework in Frameworks */,
				3990111023BA202200784CFE /* UserNotifications.framework in Frameworks */,
				391AC21F234EDD07008DC9FB /* CallKit.framework in Frameworks */,
			);
			runOnlyForDeploymentPostprocessing = 0;
		};
/* End PBXFrameworksBuildPhase section */

/* Begin PBXGroup section */
		049867158BB31F799F46E8C1 /* Frameworks */ = {
			isa = PBXGroup;
			children = (
				3990113123BB441800784CFE /* AudioToolbox.framework */,
				3990112F23BB30FE00784CFE /* NetworkExtension.framework */,
				3990110E23BA202200784CFE /* UserNotifications.framework */,
				3990110D23BA202200784CFE /* UserNotificationsUI.framework */,
				391AC21E234EDD06008DC9FB /* CallKit.framework */,
			);
			name = Frameworks;
			sourceTree = "<group>";
		};
		39321464234ECB39006A857C = {
			isa = PBXGroup;
			children = (
				39C0DBB326945F2100D3EFBC /* Script */,
				3932146F234ECB39006A857C /* RongCallKitQuickStart */,
				3932146E234ECB39006A857C /* Products */,
				049867158BB31F799F46E8C1 /* Frameworks */,
			);
			sourceTree = "<group>";
		};
		3932146E234ECB39006A857C /* Products */ = {
			isa = PBXGroup;
			children = (
				3932146D234ECB39006A857C /* RongCallKitQuickStart.app */,
			);
			name = Products;
			sourceTree = "<group>";
		};
		3932146F234ECB39006A857C /* RongCallKitQuickStart */ = {
			isa = PBXGroup;
			children = (
				394EBBCA26E9F09E00B08CCE /* Header */,
				39B45EAC260220AC009B6E27 /* Message */,
				39321470234ECB39006A857C /* AppDelegate.h */,
				39321471234ECB39006A857C /* AppDelegate.m */,
				39321473234ECB39006A857C /* SceneDelegate.h */,
				39321474234ECB39006A857C /* SceneDelegate.m */,
				39321476234ECB39006A857C /* ViewController.h */,
				39321477234ECB39006A857C /* ViewController.m */,
				39E4C3E226E9C59A008B09B1 /* CallRecordViewController.h */,
				39E4C3E326E9C59A008B09B1 /* CallRecordViewController.m */,
				39321479234ECB39006A857C /* Main.storyboard */,
				3932147C234ECB3D006A857C /* Assets.xcassets */,
				3932147E234ECB3D006A857C /* LaunchScreen.storyboard */,
				39321481234ECB3D006A857C /* Info.plist */,
				39321482234ECB3D006A857C /* main.m */,
				39043BDF23BA1C5E00E2DB6E /* RongCallKitQuickStart.entitlements */,
			);
			path = RongCallKitQuickStart;
			sourceTree = "<group>";
		};
		394EBBCA26E9F09E00B08CCE /* Header */ = {
			isa = PBXGroup;
			children = (
				394EBBCB26E9F09E00B08CCE /* RCCallKitUtility.h */,
			);
			path = Header;
			sourceTree = "<group>";
		};
		39B45EAC260220AC009B6E27 /* Message */ = {
			isa = PBXGroup;
			children = (
				39B45EAE260220AC009B6E27 /* RCCallRequestJoinMessage.h */,
				39B45EAD260220AC009B6E27 /* RCCallRequestJoinMessage.m */,
			);
			path = Message;
			sourceTree = "<group>";
		};
		39C0DBB326945F2100D3EFBC /* Script */ = {
			isa = PBXGroup;
			children = (
				39C0DBB426945F2100D3EFBC /* QuickStartBuild.sh */,
			);
			path = Script;
			sourceTree = "<group>";
		};
/* End PBXGroup section */

/* Begin PBXNativeTarget section */
		3932146C234ECB39006A857C /* RongCallKitQuickStart */ = {
			isa = PBXNativeTarget;
			buildConfigurationList = 39321486234ECB3D006A857C /* Build configuration list for PBXNativeTarget "RongCallKitQuickStart" */;
			buildPhases = (
				39321469234ECB39006A857C /* Sources */,
				3932146A234ECB39006A857C /* Frameworks */,
				3932146B234ECB39006A857C /* Resources */,
				3990112D23BAF0A500784CFE /* Embed App Extensions */,
			);
			buildRules = (
			);
			dependencies = (
			);
			name = RongCallKitQuickStart;
			productName = RongCallKitQuickStart;
			productReference = 3932146D234ECB39006A857C /* RongCallKitQuickStart.app */;
			productType = "com.apple.product-type.application";
		};
/* End PBXNativeTarget section */

/* Begin PBXProject section */
		39321465234ECB39006A857C /* Project object */ = {
			isa = PBXProject;
			attributes = {
				LastUpgradeCheck = 1100;
				ORGANIZATIONNAME = RongCloud;
				TargetAttributes = {
					3932146C234ECB39006A857C = {
						CreatedOnToolsVersion = 11.0;
					};
				};
			};
			buildConfigurationList = 39321468234ECB39006A857C /* Build configuration list for PBXProject "RongCallKitQuickStart" */;
			compatibilityVersion = "Xcode 9.3";
			developmentRegion = en;
			hasScannedForEncodings = 0;
			knownRegions = (
				en,
				Base,
			);
			mainGroup = 39321464234ECB39006A857C;
			productRefGroup = 3932146E234ECB39006A857C /* Products */;
			projectDirPath = "";
			projectRoot = "";
			targets = (
				3932146C234ECB39006A857C /* RongCallKitQuickStart */,
			);
		};
/* End PBXProject section */

/* Begin PBXResourcesBuildPhase section */
		3932146B234ECB39006A857C /* Resources */ = {
			isa = PBXResourcesBuildPhase;
			buildActionMask = 2147483647;
			files = (
				39321480234ECB3D006A857C /* LaunchScreen.storyboard in Resources */,
				39C0DBB526945F2100D3EFBC /* QuickStartBuild.sh in Resources */,
				3932147D234ECB3D006A857C /* Assets.xcassets in Resources */,
				3932147B234ECB39006A857C /* Main.storyboard in Resources */,
			);
			runOnlyForDeploymentPostprocessing = 0;
		};
/* End PBXResourcesBuildPhase section */

/* Begin PBXSourcesBuildPhase section */
		39321469234ECB39006A857C /* Sources */ = {
			isa = PBXSourcesBuildPhase;
			buildActionMask = 2147483647;
			files = (
				39321478234ECB39006A857C /* ViewController.m in Sources */,
				39321472234ECB39006A857C /* AppDelegate.m in Sources */,
				39321483234ECB3D006A857C /* main.m in Sources */,
				39321475234ECB39006A857C /* SceneDelegate.m in Sources */,
				39B45EB0260220AC009B6E27 /* RCCallRequestJoinMessage.m in Sources */,
				39E4C3E426E9C59A008B09B1 /* CallRecordViewController.m in Sources */,
			);
			runOnlyForDeploymentPostprocessing = 0;
		};
/* End PBXSourcesBuildPhase section */

/* Begin PBXVariantGroup section */
		39321479234ECB39006A857C /* Main.storyboard */ = {
			isa = PBXVariantGroup;
			children = (
				3932147A234ECB39006A857C /* Base */,
			);
			name = Main.storyboard;
			sourceTree = "<group>";
		};
		3932147E234ECB3D006A857C /* LaunchScreen.storyboard */ = {
			isa = PBXVariantGroup;
			children = (
				3932147F234ECB3D006A857C /* Base */,
			);
			name = LaunchScreen.storyboard;
			sourceTree = "<group>";
		};
/* End PBXVariantGroup section */

/* Begin XCBuildConfiguration section */
		39321484234ECB3D006A857C /* Debug */ = {
			isa = XCBuildConfiguration;
			buildSettings = {
				ALWAYS_SEARCH_USER_PATHS = NO;
				CLANG_ANALYZER_NONNULL = YES;
				CLANG_ANALYZER_NUMBER_OBJECT_CONVERSION = YES_AGGRESSIVE;
				CLANG_CXX_LANGUAGE_STANDARD = "gnu++14";
				CLANG_CXX_LIBRARY = "libc++";
				CLANG_ENABLE_MODULES = YES;
				CLANG_ENABLE_OBJC_ARC = YES;
				CLANG_ENABLE_OBJC_WEAK = YES;
				CLANG_WARN_BLOCK_CAPTURE_AUTORELEASING = YES;
				CLANG_WARN_BOOL_CONVERSION = YES;
				CLANG_WARN_COMMA = YES;
				CLANG_WARN_CONSTANT_CONVERSION = YES;
				CLANG_WARN_DEPRECATED_OBJC_IMPLEMENTATIONS = YES;
				CLANG_WARN_DIRECT_OBJC_ISA_USAGE = YES_ERROR;
				CLANG_WARN_DOCUMENTATION_COMMENTS = YES;
				CLANG_WARN_EMPTY_BODY = YES;
				CLANG_WARN_ENUM_CONVERSION = YES;
				CLANG_WARN_INFINITE_RECURSION = YES;
				CLANG_WARN_INT_CONVERSION = YES;
				CLANG_WARN_NON_LITERAL_NULL_CONVERSION = YES;
				CLANG_WARN_OBJC_IMPLICIT_RETAIN_SELF = YES;
				CLANG_WARN_OBJC_LITERAL_CONVERSION = YES;
				CLANG_WARN_OBJC_ROOT_CLASS = YES_ERROR;
				CLANG_WARN_RANGE_LOOP_ANALYSIS = YES;
				CLANG_WARN_STRICT_PROTOTYPES = YES;
				CLANG_WARN_SUSPICIOUS_MOVE = YES;
				CLANG_WARN_UNGUARDED_AVAILABILITY = YES_AGGRESSIVE;
				CLANG_WARN_UNREACHABLE_CODE = YES;
				CLANG_WARN__DUPLICATE_METHOD_MATCH = YES;
				COPY_PHASE_STRIP = NO;
				DEBUG_INFORMATION_FORMAT = dwarf;
				ENABLE_STRICT_OBJC_MSGSEND = YES;
				ENABLE_TESTABILITY = YES;
				GCC_C_LANGUAGE_STANDARD = gnu11;
				GCC_DYNAMIC_NO_PIC = NO;
				GCC_NO_COMMON_BLOCKS = YES;
				GCC_OPTIMIZATION_LEVEL = 0;
				GCC_PREPROCESSOR_DEFINITIONS = (
					"DEBUG=1",
					"$(inherited)",
				);
				GCC_WARN_64_TO_32_BIT_CONVERSION = YES;
				GCC_WARN_ABOUT_RETURN_TYPE = YES_ERROR;
				GCC_WARN_UNDECLARED_SELECTOR = YES;
				GCC_WARN_UNINITIALIZED_AUTOS = YES_AGGRESSIVE;
				GCC_WARN_UNUSED_FUNCTION = YES;
				GCC_WARN_UNUSED_VARIABLE = YES;
				IPHONEOS_DEPLOYMENT_TARGET = 9.0;
				MTL_ENABLE_DEBUG_INFO = INCLUDE_SOURCE;
				MTL_FAST_MATH = YES;
				ONLY_ACTIVE_ARCH = YES;
				SDKROOT = iphoneos;
			};
			name = Debug;
		};
		39321485234ECB3D006A857C /* Release */ = {
			isa = XCBuildConfiguration;
			buildSettings = {
				ALWAYS_SEARCH_USER_PATHS = NO;
				CLANG_ANALYZER_NONNULL = YES;
				CLANG_ANALYZER_NUMBER_OBJECT_CONVERSION = YES_AGGRESSIVE;
				CLANG_CXX_LANGUAGE_STANDARD = "gnu++14";
				CLANG_CXX_LIBRARY = "libc++";
				CLANG_ENABLE_MODULES = YES;
				CLANG_ENABLE_OBJC_ARC = YES;
				CLANG_ENABLE_OBJC_WEAK = YES;
				CLANG_WARN_BLOCK_CAPTURE_AUTORELEASING = YES;
				CLANG_WARN_BOOL_CONVERSION = YES;
				CLANG_WARN_COMMA = YES;
				CLANG_WARN_CONSTANT_CONVERSION = YES;
				CLANG_WARN_DEPRECATED_OBJC_IMPLEMENTATIONS = YES;
				CLANG_WARN_DIRECT_OBJC_ISA_USAGE = YES_ERROR;
				CLANG_WARN_DOCUMENTATION_COMMENTS = YES;
				CLANG_WARN_EMPTY_BODY = YES;
				CLANG_WARN_ENUM_CONVERSION = YES;
				CLANG_WARN_INFINITE_RECURSION = YES;
				CLANG_WARN_INT_CONVERSION = YES;
				CLANG_WARN_NON_LITERAL_NULL_CONVERSION = YES;
				CLANG_WARN_OBJC_IMPLICIT_RETAIN_SELF = YES;
				CLANG_WARN_OBJC_LITERAL_CONVERSION = YES;
				CLANG_WARN_OBJC_ROOT_CLASS = YES_ERROR;
				CLANG_WARN_RANGE_LOOP_ANALYSIS = YES;
				CLANG_WARN_STRICT_PROTOTYPES = YES;
				CLANG_WARN_SUSPICIOUS_MOVE = YES;
				CLANG_WARN_UNGUARDED_AVAILABILITY = YES_AGGRESSIVE;
				CLANG_WARN_UNREACHABLE_CODE = YES;
				CLANG_WARN__DUPLICATE_METHOD_MATCH = YES;
				COPY_PHASE_STRIP = NO;
				DEBUG_INFORMATION_FORMAT = "dwarf-with-dsym";
				ENABLE_NS_ASSERTIONS = NO;
				ENABLE_STRICT_OBJC_MSGSEND = YES;
				GCC_C_LANGUAGE_STANDARD = gnu11;
				GCC_NO_COMMON_BLOCKS = YES;
				GCC_WARN_64_TO_32_BIT_CONVERSION = YES;
				GCC_WARN_ABOUT_RETURN_TYPE = YES_ERROR;
				GCC_WARN_UNDECLARED_SELECTOR = YES;
				GCC_WARN_UNINITIALIZED_AUTOS = YES_AGGRESSIVE;
				GCC_WARN_UNUSED_FUNCTION = YES;
				GCC_WARN_UNUSED_VARIABLE = YES;
				IPHONEOS_DEPLOYMENT_TARGET = 9.0;
				MTL_ENABLE_DEBUG_INFO = NO;
				MTL_FAST_MATH = YES;
				SDKROOT = iphoneos;
				VALIDATE_PRODUCT = YES;
			};
			name = Release;
		};
		39321487234ECB3D006A857C /* Debug */ = {
			isa = XCBuildConfiguration;
			buildSettings = {
				ASSETCATALOG_COMPILER_APPICON_NAME = AppIcon;
				CLANG_ALLOW_NON_MODULAR_INCLUDES_IN_FRAMEWORK_MODULES = NO;
				CODE_SIGN_ENTITLEMENTS = RongCallKitQuickStart/RongCallKitQuickStart.entitlements;
				CODE_SIGN_STYLE = Automatic;
				DEVELOPMENT_TEAM = CQJSB93Y3D;
				ENABLE_BITCODE = NO;
				INFOPLIST_FILE = RongCallKitQuickStart/Info.plist;
				LD_RUNPATH_SEARCH_PATHS = (
					"$(inherited)",
					"@executable_path/Frameworks",
				);
				PRODUCT_BUNDLE_IDENTIFIER = cn.rongcloud.callkitquickstart;
				PRODUCT_NAME = "$(TARGET_NAME)";
				TARGETED_DEVICE_FAMILY = 1;
			};
			name = Debug;
		};
		39321488234ECB3D006A857C /* Release */ = {
			isa = XCBuildConfiguration;
			buildSettings = {
				ASSETCATALOG_COMPILER_APPICON_NAME = AppIcon;
				CLANG_ALLOW_NON_MODULAR_INCLUDES_IN_FRAMEWORK_MODULES = NO;
				CODE_SIGN_ENTITLEMENTS = RongCallKitQuickStart/RongCallKitQuickStart.entitlements;
				CODE_SIGN_STYLE = Automatic;
				DEVELOPMENT_TEAM = CQJSB93Y3D;
				ENABLE_BITCODE = NO;
				INFOPLIST_FILE = RongCallKitQuickStart/Info.plist;
				LD_RUNPATH_SEARCH_PATHS = (
					"$(inherited)",
					"@executable_path/Frameworks",
				);
				PRODUCT_BUNDLE_IDENTIFIER = cn.rongcloud.callkitquickstart;
				PRODUCT_NAME = "$(TARGET_NAME)";
				TARGETED_DEVICE_FAMILY = 1;
			};
			name = Release;
		};
/* End XCBuildConfiguration section */

/* Begin XCConfigurationList section */
		39321468234ECB39006A857C /* Build configuration list for PBXProject "RongCallKitQuickStart" */ = {
			isa = XCConfigurationList;
			buildConfigurations = (
				39321484234ECB3D006A857C /* Debug */,
				39321485234ECB3D006A857C /* Release */,
			);
			defaultConfigurationIsVisible = 0;
			defaultConfigurationName = Release;
		};
		39321486234ECB3D006A857C /* Build configuration list for PBXNativeTarget "RongCallKitQuickStart" */ = {
			isa = XCConfigurationList;
			buildConfigurations = (
				39321487234ECB3D006A857C /* Debug */,
				39321488234ECB3D006A857C /* Release */,
			);
			defaultConfigurationIsVisible = 0;
			defaultConfigurationName = Release;
		};
/* End XCConfigurationList section */
	};
	rootObject = 39321465234ECB39006A857C /* Project object */;
}
